<?xml version="1.0" encoding="utf-8"?>
<Project ToolsVersion="4.0" xmlns="http://schemas.microsoft.com/developer/msbuild/2003">
  <ItemGroup>
    <Filter Include="Source Files">
      <UniqueIdentifier>{ac4c1332-72d2-4480-bfab-678a92f9a261}</UniqueIdentifier>
      <Extensions>cpp;c;cxx;rc;def;r;odl;idl;hpj;bat</Extensions>
    </Filter>
    <Filter Include="Header Files">
      <UniqueIdentifier>{cdc2cccf-a0f3-4ec6-aa62-94b6cb6375b2}</UniqueIdentifier>
      <Extensions>h;hpp;hxx;hm;inl</Extensions>
    </Filter>
    <Filter Include="Resource Files">
      <UniqueIdentifier>{6e5bf8dd-6d38-423e-ac9a-5d5dee334def}</UniqueIdentifier>
      <Extensions>ico;cur;bmp;dlg;rc2;rct;bin;rgs;gif;jpg;jpeg;jpe</Extensions>
    </Filter>
  </ItemGroup>
  <ItemGroup>
    <ClCompile Include="Abonent.cpp">
      <Filter>Source Files</Filter>
    </ClCompile>
    <ClCompile Include="Abonent2.cpp">
      <Filter>Source Files</Filter>
    </ClCompile>
    <ClCompile Include="AbonentDlg.cpp">
      <Filter>Source Files</Filter>
    </ClCompile>
    <ClCompile Include="ComPort.cpp">
      <Filter>Source Files</Filter>
    </ClCompile>
    <ClCompile Include="ConfigDlg.cpp">
      <Filter>Source Files</Filter>
    </ClCompile>
    <ClCompile Include="DirOpenDlg.cpp">
      <Filter>Source Files</Filter>
    </ClCompile>
    <ClCompile Include="HDLC.cpp">
      <Filter>Source Files</Filter>
    </ClCompile>
    <ClCompile Include="InitComDlg.cpp">
      <Filter>Source Files</Filter>
    </ClCompile>
    <ClCompile Include="Mirage.cpp">
      <Filter>Source Files</Filter>
    </ClCompile>
    <ClCompile Include="Occ.cpp">
      <Filter>Source Files</Filter>
    </ClCompile>
    <ClCompile Include="OtborDlg.cpp">
      <Filter>Source Files</Filter>
    </ClCompile>
    <ClCompile Include="StdAfx.cpp">
      <Filter>Source Files</Filter>
    </ClCompile>
    <ClCompile Include="TerminalDlg.cpp">
      <Filter>Source Files</Filter>
    </ClCompile>
    <ClCompile Include="VSAT_TES.cpp">
      <Filter>Source Files</Filter>
    </ClCompile>
    <ClCompile Include="VSAT_TESDlg.cpp">
      <Filter>Source Files</Filter>
    </ClCompile>
  </ItemGroup>
  <ItemGroup>
    <ResourceCompile Include="VSAT_TES.rc">
      <Filter>Source Files</Filter>
    </ResourceCompile>
  </ItemGroup>
  <ItemGroup>
    <ClInclude Include="Abonent.h">
      <Filter>Header Files</Filter>
    </ClInclude>
    <ClInclude Include="Abonent2.h">
      <Filter>Header Files</Filter>
    </ClInclude>
    <ClInclude Include="AbonentDlg.h">
      <Filter>Header Files</Filter>
    </ClInclude>
    <ClInclude Include="ComPort.h">
      <Filter>Header Files</Filter>
    </ClInclude>
    <ClInclude Include="ConfigDlg.h">
      <Filter>Header Files</Filter>
    </ClInclude>
    <ClInclude Include="DirOpenDlg.H">
      <Filter>Header Files</Filter>
    </ClInclude>
    <ClInclude Include="HDLC.h">
      <Filter>Header Files</Filter>
    </ClInclude>
    <ClInclude Include="InitComDlg.h">
      <Filter>Header Files</Filter>
    </ClInclude>
    <ClInclude Include="Mirage.h">
      <Filter>Header Files</Filter>
    </ClInclude>
    <ClInclude Include="Occ.h">
      <Filter>Header Files</Filter>
    </ClInclude>
    <ClInclude Include="OtborDlg.h">
      <Filter>Header Files</Filter>
    </ClInclude>
    <ClInclude Include="Resource.h">
      <Filter>Header Files</Filter>
    </ClInclude>
    <ClInclude Include="StdAfx.h">
      <Filter>Header Files</Filter>
    </ClInclude>
    <ClInclude Include="TerminalDlg.h">
      <Filter>Header Files</Filter>
    </ClInclude>
    <ClInclude Include="VSAT_TES.h">
      <Filter>Header Files</Filter>
    </ClInclude>
    <ClInclude Include="VSAT_TESDlg.h">
      <Filter>Header Files</Filter>
    </ClInclude>
  </ItemGroup>
  <ItemGroup>
    <None Include="Out\Full.bin">
      <Filter>Resource Files</Filter>
    </None>
    <None Include="res\ico00001.ico">
      <Filter>Resource Files</Filter>
    </None>
    <None Include="res\ico00002.ico">
      <Filter>Resource Files</Filter>
    </None>
    <None Include="res\ico00003.ico">
      <Filter>Resource Files</Filter>
    </None>
    <None Include="res\ico00004.ico">
      <Filter>Resource Files</Filter>
    </None>
    <None Include="res\ico00005.ico">
      <Filter>Resource Files</Filter>
    </None>
    <None Include="res\ico00006.ico">
      <Filter>Resource Files</Filter>
    </None>
    <None Include="res\icon1.ico">
      <Filter>Resource Files</Filter>
    </None>
    <None Include="res\iconremo.ico">
      <Filter>Resource Files</Filter>
    </None>
    <None Include="Mirag_Vvod.ico">
      <Filter>Resource Files</Filter>
    </None>
    <None Include="res\VSAT_TES.ico">
      <Filter>Resource Files</Filter>
    </None>
    <None Include="res\VSAT_TES.rc2">
      <Filter>Resource Files</Filter>
    </None>
    <None Include="Out\Yyy.bin">
      <Filter>Resource Files</Filter>
    </None>
    <None Include="Out\Full16pq.bit" />
    <None Include="ReadMe.txt" />
    <None Include="Out\Yyy.bit" />
  </ItemGroup>
</Project>